// !$*UTF8*$!
{
	archiveVersion = 1;
	classes = {
	};
	objectVersion = 51;
	objects = {

/* Begin PBXBuildFile section */
		1A194C9722C594F600B7EEBE /* Item.swift in Sources */ = {isa = PBXBuildFile; fileRef = 1A194C9622C594F600B7EEBE /* Item.swift */; };
		1A194C9922C5951500B7EEBE /* Items.swift in Sources */ = {isa = PBXBuildFile; fileRef = 1A194C9822C5951500B7EEBE /* Items.swift */; };
		1A194C9B22C595F400B7EEBE /* DetailTableViewController.swift in Sources */ = {isa = PBXBuildFile; fileRef = 1A194C9A22C595F400B7EEBE /* DetailTableViewController.swift */; };
		1A194C9D22C59B3500B7EEBE /* GoogleService-Info.plist in Resources */ = {isa = PBXBuildFile; fileRef = 1A194C9C22C59B3500B7EEBE /* GoogleService-Info.plist */; };
		1A194C9F22C5BD3C00B7EEBE /* login.png in Resources */ = {isa = PBXBuildFile; fileRef = 1A194C9E22C5BD3C00B7EEBE /* login.png */; };
		1A7E18BC22C592FB001A7379 /* AppDelegate.swift in Sources */ = {isa = PBXBuildFile; fileRef = 1A7E18BB22C592FB001A7379 /* AppDelegate.swift */; };
		1A7E18BE22C592FB001A7379 /* ViewController.swift in Sources */ = {isa = PBXBuildFile; fileRef = 1A7E18BD22C592FB001A7379 /* ViewController.swift */; };
		1A7E18C122C592FB001A7379 /* Main.storyboard in Resources */ = {isa = PBXBuildFile; fileRef = 1A7E18BF22C592FB001A7379 /* Main.storyboard */; };
		1A7E18C322C592FC001A7379 /* Assets.xcassets in Resources */ = {isa = PBXBuildFile; fileRef = 1A7E18C222C592FC001A7379 /* Assets.xcassets */; };
		1A7E18C622C592FC001A7379 /* LaunchScreen.storyboard in Resources */ = {isa = PBXBuildFile; fileRef = 1A7E18C422C592FC001A7379 /* LaunchScreen.storyboard */; };
		FEFC4E7E5F5BF65019C4A4B5 /* Pods_Upcycle_Buddy_2.framework in Frameworks */ = {isa = PBXBuildFile; fileRef = 4E3334057B6755F25263701E /* Pods_Upcycle_Buddy_2.framework */; };
/* End PBXBuildFile section */

/* Begin PBXFileReference section */
		1A194C9622C594F600B7EEBE /* Item.swift */ = {isa = PBXFileReference; lastKnownFileType = sourcecode.swift; path = Item.swift; sourceTree = "<group>"; };
		1A194C9822C5951500B7EEBE /* Items.swift */ = {isa = PBXFileReference; lastKnownFileType = sourcecode.swift; path = Items.swift; sourceTree = "<group>"; };
		1A194C9A22C595F400B7EEBE /* DetailTableViewController.swift */ = {isa = PBXFileReference; lastKnownFileType = sourcecode.swift; path = DetailTableViewController.swift; sourceTree = "<group>"; };
		1A194C9C22C59B3500B7EEBE /* GoogleService-Info.plist */ = {isa = PBXFileReference; fileEncoding = 4; lastKnownFileType = text.plist.xml; path = "GoogleService-Info.plist"; sourceTree = "<group>"; };
		1A194C9E22C5BD3C00B7EEBE /* login.png */ = {isa = PBXFileReference; lastKnownFileType = image.png; name = login.png; path = "../../../Documents/Swift in Dublin/Final App/recycleImages/login.png"; sourceTree = "<group>"; };
		1A7E18B822C592FB001A7379 /* Upcycle-Buddy-2.app */ = {isa = PBXFileReference; explicitFileType = wrapper.application; includeInIndex = 0; path = "Upcycle-Buddy-2.app"; sourceTree = BUILT_PRODUCTS_DIR; };
		1A7E18BB22C592FB001A7379 /* AppDelegate.swift */ = {isa = PBXFileReference; lastKnownFileType = sourcecode.swift; path = AppDelegate.swift; sourceTree = "<group>"; };
		1A7E18BD22C592FB001A7379 /* ViewController.swift */ = {isa = PBXFileReference; lastKnownFileType = sourcecode.swift; path = ViewController.swift; sourceTree = "<group>"; };
		1A7E18C022C592FB001A7379 /* Base */ = {isa = PBXFileReference; lastKnownFileType = file.storyboard; name = Base; path = Base.lproj/Main.storyboard; sourceTree = "<group>"; };
		1A7E18C222C592FC001A7379 /* Assets.xcassets */ = {isa = PBXFileReference; lastKnownFileType = folder.assetcatalog; path = Assets.xcassets; sourceTree = "<group>"; };
		1A7E18C522C592FC001A7379 /* Base */ = {isa = PBXFileReference; lastKnownFileType = file.storyboard; name = Base; path = Base.lproj/LaunchScreen.storyboard; sourceTree = "<group>"; };
		1A7E18C722C592FC001A7379 /* Info.plist */ = {isa = PBXFileReference; lastKnownFileType = text.plist.xml; path = Info.plist; sourceTree = "<group>"; };
		4E3334057B6755F25263701E /* Pods_Upcycle_Buddy_2.framework */ = {isa = PBXFileReference; explicitFileType = wrapper.framework; includeInIndex = 0; path = Pods_Upcycle_Buddy_2.framework; sourceTree = BUILT_PRODUCTS_DIR; };
		7DB5C66E998F56435773237C /* Pods-Upcycle-Buddy-2.debug.xcconfig */ = {isa = PBXFileReference; includeInIndex = 1; lastKnownFileType = text.xcconfig; name = "Pods-Upcycle-Buddy-2.debug.xcconfig"; path = "Target Support Files/Pods-Upcycle-Buddy-2/Pods-Upcycle-Buddy-2.debug.xcconfig"; sourceTree = "<group>"; };
		EAC010D3AEF763E7C8FCE7A5 /* Pods-Upcycle-Buddy-2.release.xcconfig */ = {isa = PBXFileReference; includeInIndex = 1; lastKnownFileType = text.xcconfig; name = "Pods-Upcycle-Buddy-2.release.xcconfig"; path = "Target Support Files/Pods-Upcycle-Buddy-2/Pods-Upcycle-Buddy-2.release.xcconfig"; sourceTree = "<group>"; };
/* End PBXFileReference section */

/* Begin PBXFrameworksBuildPhase section */
		1A7E18B522C592FB001A7379 /* Frameworks */ = {
			isa = PBXFrameworksBuildPhase;
			buildActionMask = 2147483647;
			files = (
				FEFC4E7E5F5BF65019C4A4B5 /* Pods_Upcycle_Buddy_2.framework in Frameworks */,
			);
			runOnlyForDeploymentPostprocessing = 0;
		};
/* End PBXFrameworksBuildPhase section */

/* Begin PBXGroup section */
		1A7E18AF22C592FB001A7379 = {
			isa = PBXGroup;
			children = (
				1A7E18BA22C592FB001A7379 /* Upcycle-Buddy-2 */,
				1A7E18B922C592FB001A7379 /* Products */,
				D727BD88BE6DD00E8210C946 /* Pods */,
				A6A3375BEDFB1F9A4EBFA4DF /* Frameworks */,
			);
			sourceTree = "<group>";
		};
		1A7E18B922C592FB001A7379 /* Products */ = {
			isa = PBXGroup;
			children = (
				1A7E18B822C592FB001A7379 /* Upcycle-Buddy-2.app */,
			);
			name = Products;
			sourceTree = "<group>";
		};
		1A7E18BA22C592FB001A7379 /* Upcycle-Buddy-2 */ = {
			isa = PBXGroup;
			children = (
				1A7E18BB22C592FB001A7379 /* AppDelegate.swift */,
				1A194C9622C594F600B7EEBE /* Item.swift */,
				1A194C9822C5951500B7EEBE /* Items.swift */,
				1A7E18BD22C592FB001A7379 /* ViewController.swift */,
				1A194C9A22C595F400B7EEBE /* DetailTableViewController.swift */,
				1A7E18BF22C592FB001A7379 /* Main.storyboard */,
				1A7E18C222C592FC001A7379 /* Assets.xcassets */,
				1A194C9E22C5BD3C00B7EEBE /* login.png */,
				1A7E18C422C592FC001A7379 /* LaunchScreen.storyboard */,
				1A7E18C722C592FC001A7379 /* Info.plist */,
				1A194C9C22C59B3500B7EEBE /* GoogleService-Info.plist */,
			);
			path = "Upcycle-Buddy-2";
			sourceTree = "<group>";
		};
		A6A3375BEDFB1F9A4EBFA4DF /* Frameworks */ = {
			isa = PBXGroup;
			children = (
				4E3334057B6755F25263701E /* Pods_Upcycle_Buddy_2.framework */,
			);
			name = Frameworks;
			sourceTree = "<group>";
		};
		D727BD88BE6DD00E8210C946 /* Pods */ = {
			isa = PBXGroup;
			children = (
				7DB5C66E998F56435773237C /* Pods-Upcycle-Buddy-2.debug.xcconfig */,
				EAC010D3AEF763E7C8FCE7A5 /* Pods-Upcycle-Buddy-2.release.xcconfig */,
			);
			path = Pods;
			sourceTree = "<group>";
		};
/* End PBXGroup section */

/* Begin PBXNativeTarget section */
		1A7E18B722C592FB001A7379 /* Upcycle-Buddy-2 */ = {
			isa = PBXNativeTarget;
			buildConfigurationList = 1A7E18CA22C592FC001A7379 /* Build configuration list for PBXNativeTarget "Upcycle-Buddy-2" */;
			buildPhases = (
				89FD198EC2529C6A4F9001D9 /* [CP] Check Pods Manifest.lock */,
				1A7E18B422C592FB001A7379 /* Sources */,
				1A7E18B522C592FB001A7379 /* Frameworks */,
				1A7E18B622C592FB001A7379 /* Resources */,
				3DAE365EED735B3C2B3C2827 /* [CP] Embed Pods Frameworks */,
				D330506A07A04823C403D3D2 /* [CP] Copy Pods Resources */,
			);
			buildRules = (
			);
			dependencies = (
			);
			name = "Upcycle-Buddy-2";
			productName = "Upcycle-Buddy-2";
			productReference = 1A7E18B822C592FB001A7379 /* Upcycle-Buddy-2.app */;
			productType = "com.apple.product-type.application";
		};
/* End PBXNativeTarget section */

/* Begin PBXProject section */
		1A7E18B022C592FB001A7379 /* Project object */ = {
			isa = PBXProject;
			attributes = {
				LastSwiftUpdateCheck = 1020;
				LastUpgradeCheck = 1020;
				ORGANIZATIONNAME = "Ella Gryf-Lowczowska";
				TargetAttributes = {
					1A7E18B722C592FB001A7379 = {
						CreatedOnToolsVersion = 10.2.1;
					};
				};
			};
			buildConfigurationList = 1A7E18B322C592FB001A7379 /* Build configuration list for PBXProject "Upcycle-Buddy-2" */;
			compatibilityVersion = "Xcode 9.3";
			developmentRegion = en;
			hasScannedForEncodings = 0;
			knownRegions = (
				en,
				Base,
			);
			mainGroup = 1A7E18AF22C592FB001A7379;
			productRefGroup = 1A7E18B922C592FB001A7379 /* Products */;
			projectDirPath = "";
			projectRoot = "";
			targets = (
				1A7E18B722C592FB001A7379 /* Upcycle-Buddy-2 */,
			);
		};
/* End PBXProject section */

/* Begin PBXResourcesBuildPhase section */
		1A7E18B622C592FB001A7379 /* Resources */ = {
			isa = PBXResourcesBuildPhase;
			buildActionMask = 2147483647;
			files = (
				1A7E18C622C592FC001A7379 /* LaunchScreen.storyboard in Resources */,
				1A194C9F22C5BD3C00B7EEBE /* login.png in Resources */,
				1A194C9D22C59B3500B7EEBE /* GoogleService-Info.plist in Resources */,
				1A7E18C322C592FC001A7379 /* Assets.xcassets in Resources */,
				1A7E18C122C592FB001A7379 /* Main.storyboard in Resources */,
			);
			runOnlyForDeploymentPostprocessing = 0;
		};
/* End PBXResourcesBuildPhase section */

/* Begin PBXShellScriptBuildPhase section */
		3DAE365EED735B3C2B3C2827 /* [CP] Embed Pods Frameworks */ = {
			isa = PBXShellScriptBuildPhase;
			buildActionMask = 2147483647;
			files = (
			);
			inputFileListPaths = (
				"${PODS_ROOT}/Target Support Files/Pods-Upcycle-Buddy-2/Pods-Upcycle-Buddy-2-frameworks-${CONFIGURATION}-input-files.xcfilelist",
			);
			name = "[CP] Embed Pods Frameworks";
			outputFileListPaths = (
				"${PODS_ROOT}/Target Support Files/Pods-Upcycle-Buddy-2/Pods-Upcycle-Buddy-2-frameworks-${CONFIGURATION}-output-files.xcfilelist",
			);
			runOnlyForDeploymentPostprocessing = 0;
			shellPath = /bin/sh;
			shellScript = "\"${PODS_ROOT}/Target Support Files/Pods-Upcycle-Buddy-2/Pods-Upcycle-Buddy-2-frameworks.sh\"\n";
			showEnvVarsInLog = 0;
		};
		89FD198EC2529C6A4F9001D9 /* [CP] Check Pods Manifest.lock */ = {
			isa = PBXShellScriptBuildPhase;
			buildActionMask = 2147483647;
			files = (
			);
			inputFileListPaths = (
			);
			inputPaths = (
				"${PODS_PODFILE_DIR_PATH}/Podfile.lock",
				"${PODS_ROOT}/Manifest.lock",
			);
			name = "[CP] Check Pods Manifest.lock";
			outputFileListPaths = (
			);
			outputPaths = (
				"$(DERIVED_FILE_DIR)/Pods-Upcycle-Buddy-2-checkManifestLockResult.txt",
			);
			runOnlyForDeploymentPostprocessing = 0;
			shellPath = /bin/sh;
			shellScript = "diff \"${PODS_PODFILE_DIR_PATH}/Podfile.lock\" \"${PODS_ROOT}/Manifest.lock\" > /dev/null\nif [ $? != 0 ] ; then\n    # print error to STDERR\n    echo \"error: The sandbox is not in sync with the Podfile.lock. Run 'pod install' or update your CocoaPods installation.\" >&2\n    exit 1\nfi\n# This output is used by Xcode 'outputs' to avoid re-running this script phase.\necho \"SUCCESS\" > \"${SCRIPT_OUTPUT_FILE_0}\"\n";
			showEnvVarsInLog = 0;
		};
		D330506A07A04823C403D3D2 /* [CP] Copy Pods Resources */ = {
			isa = PBXShellScriptBuildPhase;
			buildActionMask = 2147483647;
			files = (
			);
			inputFileListPaths = (
				"${PODS_ROOT}/Target Support Files/Pods-Upcycle-Buddy-2/Pods-Upcycle-Buddy-2-resources-${CONFIGURATION}-input-files.xcfilelist",
			);
			name = "[CP] Copy Pods Resources";
			outputFileListPaths = (
				"${PODS_ROOT}/Target Support Files/Pods-Upcycle-Buddy-2/Pods-Upcycle-Buddy-2-resources-${CONFIGURATION}-output-files.xcfilelist",
			);
			runOnlyForDeploymentPostprocessing = 0;
			shellPath = /bin/sh;
			shellScript = "\"${PODS_ROOT}/Target Support Files/Pods-Upcycle-Buddy-2/Pods-Upcycle-Buddy-2-resources.sh\"\n";
			showEnvVarsInLog = 0;
		};
/* End PBXShellScriptBuildPhase section */

/* Begin PBXSourcesBuildPhase section */
		1A7E18B422C592FB001A7379 /* Sources */ = {
			isa = PBXSourcesBuildPhase;
			buildActionMask = 2147483647;
			files = (
				1A194C9922C5951500B7EEBE /* Items.swift in Sources */,
				1A194C9B22C595F400B7EEBE /* DetailTableViewController.swift in Sources */,
				1A7E18BE22C592FB001A7379 /* ViewController.swift in Sources */,
				1A194C9722C594F600B7EEBE /* Item.swift in Sources */,
				1A7E18BC22C592FB001A7379 /* AppDelegate.swift in Sources */,
			);
			runOnlyForDeploymentPostprocessing = 0;
		};
/* End PBXSourcesBuildPhase section */

/* Begin PBXVariantGroup section */
		1A7E18BF22C592FB001A7379 /* Main.storyboard */ = {
			isa = PBXVariantGroup;
			children = (
				1A7E18C022C592FB001A7379 /* Base */,
			);
			name = Main.storyboard;
			sourceTree = "<group>";
		};
		1A7E18C422C592FC001A7379 /* LaunchScreen.storyboard */ = {
			isa = PBXVariantGroup;
			children = (
				1A7E18C522C592FC001A7379 /* Base */,
			);
			name = LaunchScreen.storyboard;
			sourceTree = "<group>";
		};
/* End PBXVariantGroup section */

/* Begin XCBuildConfiguration section */
		1A7E18C822C592FC001A7379 /* Debug */ = {
			isa = XCBuildConfiguration;
			buildSettings = {
				ALWAYS_SEARCH_USER_PATHS = NO;
				CLANG_ANALYZER_NONNULL = YES;
				CLANG_ANALYZER_NUMBER_OBJECT_CONVERSION = YES_AGGRESSIVE;
				CLANG_CXX_LANGUAGE_STANDARD = "gnu++14";
				CLANG_CXX_LIBRARY = "libc++";
				CLANG_ENABLE_MODULES = YES;
				CLANG_ENABLE_OBJC_ARC = YES;
				CLANG_ENABLE_OBJC_WEAK = YES;
				CLANG_WARN_BLOCK_CAPTURE_AUTORELEASING = YES;
				CLANG_WARN_BOOL_CONVERSION = YES;
				CLANG_WARN_COMMA = YES;
				CLANG_WARN_CONSTANT_CONVERSION = YES;
				CLANG_WARN_DEPRECATED_OBJC_IMPLEMENTATIONS = YES;
				CLANG_WARN_DIRECT_OBJC_ISA_USAGE = YES_ERROR;
				CLANG_WARN_DOCUMENTATION_COMMENTS = YES;
				CLANG_WARN_EMPTY_BODY = YES;
				CLANG_WARN_ENUM_CONVERSION = YES;
				CLANG_WARN_INFINITE_RECURSION = YES;
				CLANG_WARN_INT_CONVERSION = YES;
				CLANG_WARN_NON_LITERAL_NULL_CONVERSION = YES;
				CLANG_WARN_OBJC_IMPLICIT_RETAIN_SELF = YES;
				CLANG_WARN_OBJC_LITERAL_CONVERSION = YES;
				CLANG_WARN_OBJC_ROOT_CLASS = YES_ERROR;
				CLANG_WARN_RANGE_LOOP_ANALYSIS = YES;
				CLANG_WARN_STRICT_PROTOTYPES = YES;
				CLANG_WARN_SUSPICIOUS_MOVE = YES;
				CLANG_WARN_UNGUARDED_AVAILABILITY = YES_AGGRESSIVE;
				CLANG_WARN_UNREACHABLE_CODE = YES;
				CLANG_WARN__DUPLICATE_METHOD_MATCH = YES;
				CODE_SIGN_IDENTITY = "iPhone Developer";
				COPY_PHASE_STRIP = NO;
				DEBUG_INFORMATION_FORMAT = dwarf;
				ENABLE_STRICT_OBJC_MSGSEND = YES;
				ENABLE_TESTABILITY = YES;
				GCC_C_LANGUAGE_STANDARD = gnu11;
				GCC_DYNAMIC_NO_PIC = NO;
				GCC_NO_COMMON_BLOCKS = YES;
				GCC_OPTIMIZATION_LEVEL = 0;
				GCC_PREPROCESSOR_DEFINITIONS = (
					"DEBUG=1",
					"$(inherited)",
				);
				GCC_WARN_64_TO_32_BIT_CONVERSION = YES;
				GCC_WARN_ABOUT_RETURN_TYPE = YES_ERROR;
				GCC_WARN_UNDECLARED_SELECTOR = YES;
				GCC_WARN_UNINITIALIZED_AUTOS = YES_AGGRESSIVE;
				GCC_WARN_UNUSED_FUNCTION = YES;
				GCC_WARN_UNUSED_VARIABLE = YES;
				IPHONEOS_DEPLOYMENT_TARGET = 12.2;
				MTL_ENABLE_DEBUG_INFO = INCLUDE_SOURCE;
				MTL_FAST_MATH = YES;
				ONLY_ACTIVE_ARCH = YES;
				SDKROOT = iphoneos;
				SWIFT_ACTIVE_COMPILATION_CONDITIONS = DEBUG;
				SWIFT_OPTIMIZATION_LEVEL = "-Onone";
			};
			name = Debug;
		};
		1A7E18C922C592FC001A7379 /* Release */ = {
			isa = XCBuildConfiguration;
			buildSettings = {
				ALWAYS_SEARCH_USER_PATHS = NO;
				CLANG_ANALYZER_NONNULL = YES;
				CLANG_ANALYZER_NUMBER_OBJECT_CONVERSION = YES_AGGRESSIVE;
				CLANG_CXX_LANGUAGE_STANDARD = "gnu++14";
				CLANG_CXX_LIBRARY = "libc++";
				CLANG_ENABLE_MODULES = YES;
				CLANG_ENABLE_OBJC_ARC = YES;
				CLANG_ENABLE_OBJC_WEAK = YES;
				CLANG_WARN_BLOCK_CAPTURE_AUTORELEASING = YES;
				CLANG_WARN_BOOL_CONVERSION = YES;
				CLANG_WARN_COMMA = YES;
				CLANG_WARN_CONSTANT_CONVERSION = YES;
				CLANG_WARN_DEPRECATED_OBJC_IMPLEMENTATIONS = YES;
				CLANG_WARN_DIRECT_OBJC_ISA_USAGE = YES_ERROR;
				CLANG_WARN_DOCUMENTATION_COMMENTS = YES;
				CLANG_WARN_EMPTY_BODY = YES;
				CLANG_WARN_ENUM_CONVERSION = YES;
				CLANG_WARN_INFINITE_RECURSION = YES;
				CLANG_WARN_INT_CONVERSION = YES;
				CLANG_WARN_NON_LITERAL_NULL_CONVERSION = YES;
				CLANG_WARN_OBJC_IMPLICIT_RETAIN_SELF = YES;
				CLANG_WARN_OBJC_LITERAL_CONVERSION = YES;
				CLANG_WARN_OBJC_ROOT_CLASS = YES_ERROR;
				CLANG_WARN_RANGE_LOOP_ANALYSIS = YES;
				CLANG_WARN_STRICT_PROTOTYPES = YES;
				CLANG_WARN_SUSPICIOUS_MOVE = YES;
				CLANG_WARN_UNGUARDED_AVAILABILITY = YES_AGGRESSIVE;
				CLANG_WARN_UNREACHABLE_CODE = YES;
				CLANG_WARN__DUPLICATE_METHOD_MATCH = YES;
				CODE_SIGN_IDENTITY = "iPhone Developer";
				COPY_PHASE_STRIP = NO;
				DEBUG_INFORMATION_FORMAT = "dwarf-with-dsym";
				ENABLE_NS_ASSERTIONS = NO;
				ENABLE_STRICT_OBJC_MSGSEND = YES;
				GCC_C_LANGUAGE_STANDARD = gnu11;
				GCC_NO_COMMON_BLOCKS = YES;
				GCC_WARN_64_TO_32_BIT_CONVERSION = YES;
				GCC_WARN_ABOUT_RETURN_TYPE = YES_ERROR;
				GCC_WARN_UNDECLARED_SELECTOR = YES;
				GCC_WARN_UNINITIALIZED_AUTOS = YES_AGGRESSIVE;
				GCC_WARN_UNUSED_FUNCTION = YES;
				GCC_WARN_UNUSED_VARIABLE = YES;
				IPHONEOS_DEPLOYMENT_TARGET = 12.2;
				MTL_ENABLE_DEBUG_INFO = NO;
				MTL_FAST_MATH = YES;
				SDKROOT = iphoneos;
				SWIFT_COMPILATION_MODE = wholemodule;
				SWIFT_OPTIMIZATION_LEVEL = "-O";
				VALIDATE_PRODUCT = YES;
			};
			name = Release;
		};
		1A7E18CB22C592FC001A7379 /* Debug */ = {
			isa = XCBuildConfiguration;
			baseConfigurationReference = 7DB5C66E998F56435773237C /* Pods-Upcycle-Buddy-2.debug.xcconfig */;
			buildSettings = {
				ASSETCATALOG_COMPILER_APPICON_NAME = AppIcon;
				CODE_SIGN_STYLE = Automatic;
				DEVELOPMENT_TEAM = 5L9Y5FZ8WC;
				INFOPLIST_FILE = "Upcycle-Buddy-2/Info.plist";
				LD_RUNPATH_SEARCH_PATHS = (
					"$(inherited)",
					"@executable_path/Frameworks",
				);
				PRODUCT_BUNDLE_IDENTIFIER = "egryflowczowska-googlemail.com.Upcycle-Buddy-2";
				PRODUCT_NAME = "$(TARGET_NAME)";
				SWIFT_VERSION = 5.0;
				TARGETED_DEVICE_FAMILY = "1,2";
			};
			name = Debug;
		};
		1A7E18CC22C592FC001A7379 /* Release */ = {
			isa = XCBuildConfiguration;
			baseConfigurationReference = EAC010D3AEF763E7C8FCE7A5 /* Pods-Upcycle-Buddy-2.release.xcconfig */;
			buildSettings = {
				ASSETCATALOG_COMPILER_APPICON_NAME = AppIcon;
				CODE_SIGN_STYLE = Automatic;
				DEVELOPMENT_TEAM = 5L9Y5FZ8WC;
				INFOPLIST_FILE = "Upcycle-Buddy-2/Info.plist";
				LD_RUNPATH_SEARCH_PATHS = (
					"$(inherited)",
					"@executable_path/Frameworks",
				);
				PRODUCT_BUNDLE_IDENTIFIER = "egryflowczowska-googlemail.com.Upcycle-Buddy-2";
				PRODUCT_NAME = "$(TARGET_NAME)";
				SWIFT_VERSION = 5.0;
				TARGETED_DEVICE_FAMILY = "1,2";
			};
			name = Release;
		};
/* End XCBuildConfiguration section */

/* Begin XCConfigurationList section */
		1A7E18B322C592FB001A7379 /* Build configuration list for PBXProject "Upcycle-Buddy-2" */ = {
			isa = XCConfigurationList;
			buildConfigurations = (
				1A7E18C822C592FC001A7379 /* Debug */,
				1A7E18C922C592FC001A7379 /* Release */,
			);
			defaultConfigurationIsVisible = 0;
			defaultConfigurationName = Release;
		};
		1A7E18CA22C592FC001A7379 /* Build configuration list for PBXNativeTarget "Upcycle-Buddy-2" */ = {
			isa = XCConfigurationList;
			buildConfigurations = (
				1A7E18CB22C592FC001A7379 /* Debug */,
				1A7E18CC22C592FC001A7379 /* Release */,
			);
			defaultConfigurationIsVisible = 0;
			defaultConfigurationName = Release;
		};
/* End XCConfigurationList section */
	};
	rootObject = 1A7E18B022C592FB001A7379 /* Project object */;
}
